
Microsoft Visual Studio Solution File, Format Version 12.00
Project("{FAE04EC0-301F-11D3-BF4B-00C04F79EFBC}") = "console", "console\console.csproj", "{EFBEAF22-CD3B-4E93-9FAD-806F8CC6837F}"
EndProject
Global
	GlobalSection(SolutionConfigurationPlatforms) = preSolution
		Debug|Any CPU = Debug|Any CPU
		Release|Any CPU = Release|Any CPU
	EndGlobalSection
	GlobalSection(ProjectConfigurationPlatforms) = postSolution
		{EFBEAF22-CD3B-4E93-9FAD-806F8CC6837F}.Debug|Any CPU.ActiveCfg = Debug|Any CPU
		{EFBEAF22-CD3B-4E93-9FAD-806F8CC6837F}.Debug|Any CPU.Build.0 = Debug|Any CPU
		{EFBEAF22-CD3B-4E93-9FAD-806F8CC6837F}.Release|Any CPU.ActiveCfg = Release|Any CPU
		{EFBEAF22-CD3B-4E93-9FAD-806F8CC6837F}.Release|Any CPU.Build.0 = Release|Any CPU
	EndGlobalSection
EndGlobal
